
Microsoft Visual Studio Solution File, Format Version 12.00
# Visual Studio Version 17
VisualStudioVersion = 17.4.33110.190
MinimumVisualStudioVersion = 10.0.40219.1
Project("{2150E333-8FDC-42A3-9474-1A3956D46DE8}") = "Services", "Services", "{DC4BAFE0-384E-4245-B102-F9D4332C8BDA}"
EndProject
Project("{2150E333-8FDC-42A3-9474-1A3956D46DE8}") = "Catalog", "Catalog", "{F141BB45-1888-4A6A-8EFB-0F6D5C781FEB}"
EndProject
Project("{2150E333-8FDC-42A3-9474-1A3956D46DE8}") = "Solution Items", "Solution Items", "{5637479A-2D2E-4AF0-8F18-EA06367EF5CD}"
	ProjectSection(SolutionItems) = preProject
		Ports.txt = Ports.txt
	EndProjectSection
EndProject
Project("{9A19103F-16F7-4668-BE54-9A1E7A4F7556}") = "FreeCourse.Services.Catalog", "Services\Catalog\FreeCourse.Services.Catalog\FreeCourse.Services.Catalog.csproj", "{538E09E9-5F76-4A27-965B-A731E74E4228}"
EndProject
Project("{2150E333-8FDC-42A3-9474-1A3956D46DE8}") = "Shared", "Shared", "{80621051-7CBE-47BB-B603-BF6CABA30877}"
EndProject
Project("{9A19103F-16F7-4668-BE54-9A1E7A4F7556}") = "FreeCourse.Shared", "Shared\FreeCourse.Shared\FreeCourse.Shared.csproj", "{0AA6D04F-DAF7-4D31-853F-27B730F77B5E}"
EndProject
Project("{2150E333-8FDC-42A3-9474-1A3956D46DE8}") = "IdentityServer", "IdentityServer", "{02EA681E-C7D8-13C7-8484-4AC65E1B71E8}"
EndProject
Project("{FAE04EC0-301F-11D3-BF4B-00C04F79EFBC}") = "FreeCourse.IdentityServer", "IdentityServer\FreeCourse.IdentityServer\FreeCourse.IdentityServer.csproj", "{8FB5AC7C-0625-A286-A14C-514F2E63D009}"
EndProject
Project("{2150E333-8FDC-42A3-9474-1A3956D46DE8}") = "PhotoStock", "PhotoStock", "{6CE3D266-9640-45A3-BCCF-7F6E9108BFC7}"
EndProject
Project("{FAE04EC0-301F-11D3-BF4B-00C04F79EFBC}") = "FreeCourse.Services.PhotoStock", "Services\PhotoStock\FreeCourse.Services.PhotoStock\FreeCourse.Services.PhotoStock.csproj", "{4FF73A5A-9118-4A30-8002-30C356F6767A}"
EndProject
Project("{2150E333-8FDC-42A3-9474-1A3956D46DE8}") = "Basket", "Basket", "{B32D71DF-91A7-449F-B673-91C00B8B2290}"
EndProject
Project("{FAE04EC0-301F-11D3-BF4B-00C04F79EFBC}") = "FreeCourse.Services.Basket", "Services\Basket\FreeCourse.Services.Basket\FreeCourse.Services.Basket.csproj", "{6AFE42CB-9751-4008-9539-F16A074D1649}"
EndProject
Project("{2150E333-8FDC-42A3-9474-1A3956D46DE8}") = "Discount", "Discount", "{4496B127-812F-46D5-8D65-48D95D593392}"
EndProject
Project("{FAE04EC0-301F-11D3-BF4B-00C04F79EFBC}") = "FreeCourse.Services.Discount", "Services\Discount\FreeCourse.Services.Discount\FreeCourse.Services.Discount.csproj", "{1CC22602-02E0-466E-ACA2-F2F183981F93}"
EndProject
Project("{2150E333-8FDC-42A3-9474-1A3956D46DE8}") = "Order", "Order", "{AEC94732-B654-4C46-AE16-E88EAE1562FE}"
EndProject
Project("{FAE04EC0-301F-11D3-BF4B-00C04F79EFBC}") = "FreeCourse.Services.Order.API", "Services\Order\FreeCourse.Services.Order.API\FreeCourse.Services.Order.API.csproj", "{F57BC86B-99FD-4804-94F1-867CDC9AB146}"
EndProject
Project("{FAE04EC0-301F-11D3-BF4B-00C04F79EFBC}") = "FreeCourse.Services.Order.Application", "Services\Order\FreeCourse.Services.Order.Application\FreeCourse.Services.Order.Application.csproj", "{5960C269-3D4A-4219-9D69-5F227C52778A}"
EndProject
Project("{FAE04EC0-301F-11D3-BF4B-00C04F79EFBC}") = "FreeCourse.Services.Order.Domain", "Services\Order\FreeCourse.Services.Order.Domain\FreeCourse.Services.Order.Domain.csproj", "{4CCAF851-494B-41A8-A904-2DA2BFBBCB1F}"
EndProject
Project("{FAE04EC0-301F-11D3-BF4B-00C04F79EFBC}") = "FreeCourse.Services.Order.Domain.Core", "Services\Order\FreeCourse.Services.Order.Domain.Core\FreeCourse.Services.Order.Domain.Core.csproj", "{8C6B62DF-F098-450C-80D1-ACB1626F3DB1}"
EndProject
Project("{FAE04EC0-301F-11D3-BF4B-00C04F79EFBC}") = "FreeCourse.Services.Order.Infrastructure", "Services\Order\FreeCourse.Services.Order.Infrastructure\FreeCourse.Services.Order.Infrastructure.csproj", "{F4FE8F08-E189-48BC-A82F-32CD09B6C20D}"
EndProject
Global
	GlobalSection(SolutionConfigurationPlatforms) = preSolution
		Debug|Any CPU = Debug|Any CPU
		Release|Any CPU = Release|Any CPU
	EndGlobalSection
	GlobalSection(ProjectConfigurationPlatforms) = postSolution
		{538E09E9-5F76-4A27-965B-A731E74E4228}.Debug|Any CPU.ActiveCfg = Debug|Any CPU
		{538E09E9-5F76-4A27-965B-A731E74E4228}.Debug|Any CPU.Build.0 = Debug|Any CPU
		{538E09E9-5F76-4A27-965B-A731E74E4228}.Release|Any CPU.ActiveCfg = Release|Any CPU
		{538E09E9-5F76-4A27-965B-A731E74E4228}.Release|Any CPU.Build.0 = Release|Any CPU
		{0AA6D04F-DAF7-4D31-853F-27B730F77B5E}.Debug|Any CPU.ActiveCfg = Debug|Any CPU
		{0AA6D04F-DAF7-4D31-853F-27B730F77B5E}.Debug|Any CPU.Build.0 = Debug|Any CPU
		{0AA6D04F-DAF7-4D31-853F-27B730F77B5E}.Release|Any CPU.ActiveCfg = Release|Any CPU
		{0AA6D04F-DAF7-4D31-853F-27B730F77B5E}.Release|Any CPU.Build.0 = Release|Any CPU
		{8FB5AC7C-0625-A286-A14C-514F2E63D009}.Debug|Any CPU.ActiveCfg = Debug|Any CPU
		{8FB5AC7C-0625-A286-A14C-514F2E63D009}.Debug|Any CPU.Build.0 = Debug|Any CPU
		{8FB5AC7C-0625-A286-A14C-514F2E63D009}.Release|Any CPU.ActiveCfg = Release|Any CPU
		{8FB5AC7C-0625-A286-A14C-514F2E63D009}.Release|Any CPU.Build.0 = Release|Any CPU
		{4FF73A5A-9118-4A30-8002-30C356F6767A}.Debug|Any CPU.ActiveCfg = Debug|Any CPU
		{4FF73A5A-9118-4A30-8002-30C356F6767A}.Debug|Any CPU.Build.0 = Debug|Any CPU
		{4FF73A5A-9118-4A30-8002-30C356F6767A}.Release|Any CPU.ActiveCfg = Release|Any CPU
		{4FF73A5A-9118-4A30-8002-30C356F6767A}.Release|Any CPU.Build.0 = Release|Any CPU
		{6AFE42CB-9751-4008-9539-F16A074D1649}.Debug|Any CPU.ActiveCfg = Debug|Any CPU
		{6AFE42CB-9751-4008-9539-F16A074D1649}.Debug|Any CPU.Build.0 = Debug|Any CPU
		{6AFE42CB-9751-4008-9539-F16A074D1649}.Release|Any CPU.ActiveCfg = Release|Any CPU
		{6AFE42CB-9751-4008-9539-F16A074D1649}.Release|Any CPU.Build.0 = Release|Any CPU
		{1CC22602-02E0-466E-ACA2-F2F183981F93}.Debug|Any CPU.ActiveCfg = Debug|Any CPU
		{1CC22602-02E0-466E-ACA2-F2F183981F93}.Debug|Any CPU.Build.0 = Debug|Any CPU
		{1CC22602-02E0-466E-ACA2-F2F183981F93}.Release|Any CPU.ActiveCfg = Release|Any CPU
		{1CC22602-02E0-466E-ACA2-F2F183981F93}.Release|Any CPU.Build.0 = Release|Any CPU
		{F57BC86B-99FD-4804-94F1-867CDC9AB146}.Debug|Any CPU.ActiveCfg = Debug|Any CPU
		{F57BC86B-99FD-4804-94F1-867CDC9AB146}.Debug|Any CPU.Build.0 = Debug|Any CPU
		{F57BC86B-99FD-4804-94F1-867CDC9AB146}.Release|Any CPU.ActiveCfg = Release|Any CPU
		{F57BC86B-99FD-4804-94F1-867CDC9AB146}.Release|Any CPU.Build.0 = Release|Any CPU
		{5960C269-3D4A-4219-9D69-5F227C52778A}.Debug|Any CPU.ActiveCfg = Debug|Any CPU
		{5960C269-3D4A-4219-9D69-5F227C52778A}.Debug|Any CPU.Build.0 = Debug|Any CPU
		{5960C269-3D4A-4219-9D69-5F227C52778A}.Release|Any CPU.ActiveCfg = Release|Any CPU
		{5960C269-3D4A-4219-9D69-5F227C52778A}.Release|Any CPU.Build.0 = Release|Any CPU
		{4CCAF851-494B-41A8-A904-2DA2BFBBCB1F}.Debug|Any CPU.ActiveCfg = Debug|Any CPU
		{4CCAF851-494B-41A8-A904-2DA2BFBBCB1F}.Debug|Any CPU.Build.0 = Debug|Any CPU
		{4CCAF851-494B-41A8-A904-2DA2BFBBCB1F}.Release|Any CPU.ActiveCfg = Release|Any CPU
		{4CCAF851-494B-41A8-A904-2DA2BFBBCB1F}.Release|Any CPU.Build.0 = Release|Any CPU
		{8C6B62DF-F098-450C-80D1-ACB1626F3DB1}.Debug|Any CPU.ActiveCfg = Debug|Any CPU
		{8C6B62DF-F098-450C-80D1-ACB1626F3DB1}.Debug|Any CPU.Build.0 = Debug|Any CPU
		{8C6B62DF-F098-450C-80D1-ACB1626F3DB1}.Release|Any CPU.ActiveCfg = Release|Any CPU
		{8C6B62DF-F098-450C-80D1-ACB1626F3DB1}.Release|Any CPU.Build.0 = Release|Any CPU
		{F4FE8F08-E189-48BC-A82F-32CD09B6C20D}.Debug|Any CPU.ActiveCfg = Debug|Any CPU
		{F4FE8F08-E189-48BC-A82F-32CD09B6C20D}.Debug|Any CPU.Build.0 = Debug|Any CPU
		{F4FE8F08-E189-48BC-A82F-32CD09B6C20D}.Release|Any CPU.ActiveCfg = Release|Any CPU
		{F4FE8F08-E189-48BC-A82F-32CD09B6C20D}.Release|Any CPU.Build.0 = Release|Any CPU
	EndGlobalSection
	GlobalSection(SolutionProperties) = preSolution
		HideSolutionNode = FALSE
	EndGlobalSection
	GlobalSection(NestedProjects) = preSolution
		{F141BB45-1888-4A6A-8EFB-0F6D5C781FEB} = {DC4BAFE0-384E-4245-B102-F9D4332C8BDA}
		{538E09E9-5F76-4A27-965B-A731E74E4228} = {F141BB45-1888-4A6A-8EFB-0F6D5C781FEB}
		{0AA6D04F-DAF7-4D31-853F-27B730F77B5E} = {80621051-7CBE-47BB-B603-BF6CABA30877}
		{8FB5AC7C-0625-A286-A14C-514F2E63D009} = {02EA681E-C7D8-13C7-8484-4AC65E1B71E8}
		{6CE3D266-9640-45A3-BCCF-7F6E9108BFC7} = {DC4BAFE0-384E-4245-B102-F9D4332C8BDA}
		{4FF73A5A-9118-4A30-8002-30C356F6767A} = {6CE3D266-9640-45A3-BCCF-7F6E9108BFC7}
		{B32D71DF-91A7-449F-B673-91C00B8B2290} = {DC4BAFE0-384E-4245-B102-F9D4332C8BDA}
		{6AFE42CB-9751-4008-9539-F16A074D1649} = {B32D71DF-91A7-449F-B673-91C00B8B2290}
		{4496B127-812F-46D5-8D65-48D95D593392} = {DC4BAFE0-384E-4245-B102-F9D4332C8BDA}
		{1CC22602-02E0-466E-ACA2-F2F183981F93} = {4496B127-812F-46D5-8D65-48D95D593392}
		{AEC94732-B654-4C46-AE16-E88EAE1562FE} = {DC4BAFE0-384E-4245-B102-F9D4332C8BDA}
		{F57BC86B-99FD-4804-94F1-867CDC9AB146} = {AEC94732-B654-4C46-AE16-E88EAE1562FE}
		{5960C269-3D4A-4219-9D69-5F227C52778A} = {AEC94732-B654-4C46-AE16-E88EAE1562FE}
		{4CCAF851-494B-41A8-A904-2DA2BFBBCB1F} = {AEC94732-B654-4C46-AE16-E88EAE1562FE}
		{8C6B62DF-F098-450C-80D1-ACB1626F3DB1} = {AEC94732-B654-4C46-AE16-E88EAE1562FE}
		{F4FE8F08-E189-48BC-A82F-32CD09B6C20D} = {AEC94732-B654-4C46-AE16-E88EAE1562FE}
	EndGlobalSection
	GlobalSection(ExtensibilityGlobals) = postSolution
		SolutionGuid = {DD9276A9-E915-4501-8FA7-76AD173BD097}
	EndGlobalSection
EndGlobal
